lockfileVersion: '9.0'

settings:
  autoInstallPeers: true
  excludeLinksFromLockfile: false

importers:

  .:
    dependencies:
      '@octokit/rest':
        specifier: ^21.0.2
        version: 21.0.2
      json2md:
        specifier: ^2.0.1
        version: 2.0.1
    devDependencies:
      '@types/json2md':
        specifier: ^1.5.4
        version: 1.5.4
      '@types/node':
        specifier: ^22.19.3
        version: 22.19.3

packages:

  '@octokit/auth-token@5.1.1':
    resolution: {integrity: sha512-rh3G3wDO8J9wSjfI436JUKzHIxq8NaiL0tVeB2aXmG6p/9859aUOAjA9pmSPNGGZxfwmaJ9ozOJImuNVJdpvbA==}
    engines: {node: '>= 18'}

  '@octokit/core@6.1.3':
    resolution: {integrity: sha512-z+j7DixNnfpdToYsOutStDgeRzJSMnbj8T1C/oQjB6Aa+kRfNjs/Fn7W6c8bmlt6mfy3FkgeKBRnDjxQow5dow==}
    engines: {node: '>= 18'}

  '@octokit/endpoint@10.1.2':
    resolution: {integrity: sha512-XybpFv9Ms4hX5OCHMZqyODYqGTZ3H6K6Vva+M9LR7ib/xr1y1ZnlChYv9H680y77Vd/i/k+thXApeRASBQkzhA==}
    engines: {node: '>= 18'}

  '@octokit/graphql@8.1.2':
    resolution: {integrity: sha512-bdlj/CJVjpaz06NBpfHhp4kGJaRZfz7AzC+6EwUImRtrwIw8dIgJ63Xg0OzV9pRn3rIzrt5c2sa++BL0JJ8GLw==}
    engines: {node: '>= 18'}

  '@octokit/openapi-types@23.0.1':
    resolution: {integrity: sha512-izFjMJ1sir0jn0ldEKhZ7xegCTj/ObmEDlEfpFrx4k/JyZSMRHbO3/rBwgE7f3m2DHt+RrNGIVw4wSmwnm3t/g==}

  '@octokit/plugin-paginate-rest@11.4.0':
    resolution: {integrity: sha512-ttpGck5AYWkwMkMazNCZMqxKqIq1fJBNxBfsFwwfyYKTf914jKkLF0POMS3YkPBwp5g1c2Y4L79gDz01GhSr1g==}
    engines: {node: '>= 18'}
    peerDependencies:
      '@octokit/core': '>=6'

  '@octokit/plugin-request-log@5.3.1':
    resolution: {integrity: sha512-n/lNeCtq+9ofhC15xzmJCNKP2BWTv8Ih2TTy+jatNCCq/gQP/V7rK3fjIfuz0pDWDALO/o/4QY4hyOF6TQQFUw==}
    engines: {node: '>= 18'}
    peerDependencies:
      '@octokit/core': '>=6'

  '@octokit/plugin-rest-endpoint-methods@13.3.0':
    resolution: {integrity: sha512-LUm44shlmkp/6VC+qQgHl3W5vzUP99ZM54zH6BuqkJK4DqfFLhegANd+fM4YRLapTvPm4049iG7F3haANKMYvQ==}
    engines: {node: '>= 18'}
    peerDependencies:
      '@octokit/core': '>=6'

  '@octokit/request-error@6.1.6':
    resolution: {integrity: sha512-pqnVKYo/at0NuOjinrgcQYpEbv4snvP3bKMRqHaD9kIsk9u1LCpb2smHZi8/qJfgeNqLo5hNW4Z7FezNdEo0xg==}
    engines: {node: '>= 18'}

  '@octokit/request@9.1.4':
    resolution: {integrity: sha512-tMbOwGm6wDII6vygP3wUVqFTw3Aoo0FnVQyhihh8vVq12uO3P+vQZeo2CKMpWtPSogpACD0yyZAlVlQnjW71DA==}
    engines: {node: '>= 18'}

  '@octokit/rest@21.0.2':
    resolution: {integrity: sha512-+CiLisCoyWmYicH25y1cDfCrv41kRSvTq6pPWtRroRJzhsCZWZyCqGyI8foJT5LmScADSwRAnr/xo+eewL04wQ==}
    engines: {node: '>= 18'}

  '@octokit/types@13.7.0':
    resolution: {integrity: sha512-BXfRP+3P3IN6fd4uF3SniaHKOO4UXWBfkdR3vA8mIvaoO/wLjGN5qivUtW0QRitBHHMcfC41SLhNVYIZZE+wkA==}

  '@types/json2md@1.5.4':
    resolution: {integrity: sha512-OFTAYD7Nnyu7FZPGnDwYbGOTKqzDfX71uFSgTbGhcr0aHCi17QkSOY3wO5H4yv5h23Ly+7suvf2lzHcdeDIH2Q==}

  '@types/node@22.19.3':
    resolution: {integrity: sha512-1N9SBnWYOJTrNZCdh/yJE+t910Y128BoyY+zBLWhL3r0TYzlTmFdXrPwHL9DyFZmlEXNQQolTZh3KHV31QDhyA==}

  before-after-hook@3.0.2:
    resolution: {integrity: sha512-Nik3Sc0ncrMK4UUdXQmAnRtzmNQTAAXmXIopizwZ1W1t8QmfJj+zL4OA2I7XPTPW5z5TDqv4hRo/JzouDJnX3A==}

  fast-content-type-parse@2.0.1:
    resolution: {integrity: sha512-nGqtvLrj5w0naR6tDPfB4cUmYCqouzyQiz6C5y/LtcDllJdrcc6WaWW6iXyIIOErTa/XRybj28aasdn4LkVk6Q==}

  indento@1.1.13:
    resolution: {integrity: sha512-YZWk3mreBEM7sBPddsiQnW9Z8SGg/gNpFfscJq00HCDS7pxcQWWWMSVKJU7YkTRyDu1Zv2s8zaK8gQWKmCXHlg==}

  json2md@2.0.1:
    resolution: {integrity: sha512-VbwmZ83qmUfKBS2pUOHlzNKEZFPBeJSbzEok3trMYyboZUgdHNn1XZfc1uT8UZs1GHCrmRUBXCfqw4YmmQuOhw==}

  undici-types@6.21.0:
    resolution: {integrity: sha512-iwDZqg0QAGrg9Rav5H4n0M64c3mkR59cJ6wQp+7C4nI0gsmExaedaYLNO44eT4AtBBwjbTiGPMlt2Md0T9H9JQ==}

  universal-user-agent@7.0.2:
    resolution: {integrity: sha512-0JCqzSKnStlRRQfCdowvqy3cy0Dvtlb8xecj/H8JFZuCze4rwjPZQOgvFvn0Ws/usCHQFGpyr+pB9adaGwXn4Q==}

snapshots:

  '@octokit/auth-token@5.1.1': {}

  '@octokit/core@6.1.3':
    dependencies:
      '@octokit/auth-token': 5.1.1
      '@octokit/graphql': 8.1.2
      '@octokit/request': 9.1.4
      '@octokit/request-error': 6.1.6
      '@octokit/types': 13.7.0
      before-after-hook: 3.0.2
      universal-user-agent: 7.0.2

  '@octokit/endpoint@10.1.2':
    dependencies:
      '@octokit/types': 13.7.0
      universal-user-agent: 7.0.2

  '@octokit/graphql@8.1.2':
    dependencies:
      '@octokit/request': 9.1.4
      '@octokit/types': 13.7.0
      universal-user-agent: 7.0.2

  '@octokit/openapi-types@23.0.1': {}

  '@octokit/plugin-paginate-rest@11.4.0(@octokit/core@6.1.3)':
    dependencies:
      '@octokit/core': 6.1.3
      '@octokit/types': 13.7.0

  '@octokit/plugin-request-log@5.3.1(@octokit/core@6.1.3)':
    dependencies:
      '@octokit/core': 6.1.3

  '@octokit/plugin-rest-endpoint-methods@13.3.0(@octokit/core@6.1.3)':
    dependencies:
      '@octokit/core': 6.1.3
      '@octokit/types': 13.7.0

  '@octokit/request-error@6.1.6':
    dependencies:
      '@octokit/types': 13.7.0

  '@octokit/request@9.1.4':
    dependencies:
      '@octokit/endpoint': 10.1.2
      '@octokit/request-error': 6.1.6
      '@octokit/types': 13.7.0
      fast-content-type-parse: 2.0.1
      universal-user-agent: 7.0.2

  '@octokit/rest@21.0.2':
    dependencies:
      '@octokit/core': 6.1.3
      '@octokit/plugin-paginate-rest': 11.4.0(@octokit/core@6.1.3)
      '@octokit/plugin-request-log': 5.3.1(@octokit/core@6.1.3)
      '@octokit/plugin-rest-endpoint-methods': 13.3.0(@octokit/core@6.1.3)

  '@octokit/types@13.7.0':
    dependencies:
      '@octokit/openapi-types': 23.0.1

  '@types/json2md@1.5.4': {}

  '@types/node@22.19.3':
    dependencies:
      undici-types: 6.21.0

  before-after-hook@3.0.2: {}

  fast-content-type-parse@2.0.1: {}

  indento@1.1.13: {}

  json2md@2.0.1:
    dependencies:
      indento: 1.1.13

  undici-types@6.21.0: {}

  universal-user-agent@7.0.2: {}
